{
	"name": "@querycap/generate-client",
	"version": "0.0.14",
	"lockfileVersion": 1,
	"requires": true,
	"dependencies": {
		"@morlay/ts-gen-client-from-openapi": {
			"version": "1.2.0",
			"resolved": "https://registry.npmjs.org/@morlay/ts-gen-client-from-openapi/-/ts-gen-client-from-openapi-1.2.0.tgz",
			"integrity": "sha512-oRhQM6cOUoSXTDlvVf/aoQwVbaaGVY6cEEeEcgIDtOCQdaGOzv8VJ80PHzs8hZDw3dYzQ6ElHdmfN/wSUPuGiA==",
			"requires": {
				"@morlay/ts-gen-core": "^1.2.0",
				"@morlay/ts-gen-definitions-from-json-schema": "^1.2.0",
				"@types/lodash": "4.14.x",
				"lodash": "4.17.x"
			}
		},
		"@morlay/ts-gen-core": {
			"version": "1.2.0",
			"resolved": "https://registry.npmjs.org/@morlay/ts-gen-core/-/ts-gen-core-1.2.0.tgz",
			"integrity": "sha512-NQVrfKcXGZlpnYARwjW4BW00RRtkT5b5r5eQPUemw5Yv08wQE0ht6FCs2VsVUrLSAgQHvv6YMUb8jvRTg2ZRpA==",
			"requires": {
				"@types/lodash": "4.14.x",
				"lodash": "4.17.x"
			}
		},
		"@morlay/ts-gen-definitions-from-json-schema": {
			"version": "1.2.0",
			"resolved": "https://registry.npmjs.org/@morlay/ts-gen-definitions-from-json-schema/-/ts-gen-definitions-from-json-schema-1.2.0.tgz",
			"integrity": "sha512-dGey2km6/vAc1RkbrdlSUzzOnlmFq3UErhC1AONgvZzlE8h0MGcuWcuhKQLKucLVA/ejoHPHuh/pm3NYfaO6hw==",
			"requires": {
				"@morlay/ts-gen-core": "^1.2.0",
				"@types/lodash": "4.14.x",
				"lodash": "4.17.x"
			}
		},
		"@types/fs-extra": {
			"version": "8.0.1",
			"resolved": "https://registry.npmjs.org/@types/fs-extra/-/fs-extra-8.0.1.tgz",
			"integrity": "sha512-J00cVDALmi/hJOYsunyT52Hva5TnJeKP5yd1r+mH/ZU0mbYZflR0Z5kw5kITtKTRYMhm1JMClOFYdHnQszEvqw==",
			"requires": {
				"@types/node": "*"
			}
		},
		"@types/lodash": {
			"version": "4.14.149",
			"resolved": "https://registry.npmjs.org/@types/lodash/-/lodash-4.14.149.tgz",
			"integrity": "sha512-ijGqzZt/b7BfzcK9vTrS6MFljQRPn5BFWOx8oE0GYxribu6uV+aA9zZuXI1zc/etK9E8nrgdoF2+LgUw7+9tJQ=="
		},
		"@types/node": {
			"version": "13.1.6",
			"resolved": "https://registry.npmjs.org/@types/node/-/node-13.1.6.tgz",
			"integrity": "sha512-Jg1F+bmxcpENHP23sVKkNuU3uaxPnsBMW0cLjleiikFKomJQbsn0Cqk2yDvQArqzZN6ABfBkZ0To7pQ8sLdWDg=="
		},
		"fs-extra": {
			"version": "8.1.0",
			"resolved": "https://registry.npmjs.org/fs-extra/-/fs-extra-8.1.0.tgz",
			"integrity": "sha512-yhlQgA6mnOJUKOsRUFsgJdQCvkKhcz8tlZG5HBQfReYZy46OwLcY+Zia0mtdHsOo9y/hP+CxMN0TU9QxoOtG4g==",
			"requires": {
				"graceful-fs": "^4.2.0",
				"jsonfile": "^4.0.0",
				"universalify": "^0.1.0"
			}
		},
		"graceful-fs": {
			"version": "4.2.3",
			"resolved": "https://registry.npmjs.org/graceful-fs/-/graceful-fs-4.2.3.tgz",
			"integrity": "sha512-a30VEBm4PEdx1dRB7MFK7BejejvCvBronbLjht+sHuGYj8PHs7M/5Z+rt5lw551vZ7yfTCj4Vuyy3mSJytDWRQ=="
		},
		"jsonfile": {
			"version": "4.0.0",
			"resolved": "https://registry.npmjs.org/jsonfile/-/jsonfile-4.0.0.tgz",
			"integrity": "sha1-h3Gq4HmbZAdrdmQPygWPnBDjPss=",
			"requires": {
				"graceful-fs": "^4.1.6"
			}
		},
		"lodash": {
			"version": "4.17.15",
			"resolved": "https://registry.npmjs.org/lodash/-/lodash-4.17.15.tgz",
			"integrity": "sha512-8xOcRHvCjnocdS5cpwXQXVzmmh5e5+saE2QGoeQmbKmRS6J3VQppPOIt0MnmE+4xlZoumy0GPG0D0MVIQbNA1A=="
		},
		"universalify": {
			"version": "0.1.2",
			"resolved": "https://registry.npmjs.org/universalify/-/universalify-0.1.2.tgz",
			"integrity": "sha512-rBJeI5CXAlmy1pV+617WB9J63U6XcazHHF2f2dbJix4XzpUF0RS3Zbj0FGIOCAva5P/d/GBOYaACQ1w+0azUkg=="
		}
	}
}
