{
	"name": "@querycap/search",
	"version": "0.0.4",
	"lockfileVersion": 1,
	"requires": true,
	"dependencies": {
		"@reactorx/core": {
			"version": "0.18.0",
			"resolved": "https://registry.npmjs.org/@reactorx/core/-/core-0.18.0.tgz",
			"integrity": "sha512-7JljFgVjPRvaNMWwCKQW+O8bYqIBn8JgSmpGGNmaCtKOZa8630uIkQZnJpnJTixaK1qvc1aZA8HJus0jVjgz4Q=="
		},
		"@reactorx/request": {
			"version": "0.18.0",
			"resolved": "https://registry.npmjs.org/@reactorx/request/-/request-0.18.0.tgz",
			"integrity": "sha512-LaQazg/m65wA0R2iXCZNk9W/mIAYkrETvTM21hw2jMqB8q4dcDUN5viRXieCocXfxlzn1wpuOtCv0Xvvph5JoQ==",
			"requires": {
				"@reactorx/core": "^0.18.0"
			}
		},
		"@reactorx/router": {
			"version": "0.18.0",
			"resolved": "https://registry.npmjs.org/@reactorx/router/-/router-0.18.0.tgz",
			"integrity": "sha512-WUQy67YtwCMa2xXJ46/91kOiUjvaJN7HggN5vFVL2Ka0VyZU77rktTX52PaEze6veHRVbwGMCGCqPG6qPr7YQQ==",
			"requires": {
				"@reactorx/core": "^0.18.0",
				"path-to-regexp": "6.1.0"
			}
		},
		"path-to-regexp": {
			"version": "6.1.0",
			"resolved": "https://registry.npmjs.org/path-to-regexp/-/path-to-regexp-6.1.0.tgz",
			"integrity": "sha512-h9DqehX3zZZDCEm+xbfU0ZmwCGFCAAraPJWMXJ4+v32NjZJilVg3k1TcKsRgIb8IQ/izZSaydDc1OhJCZvs2Dw=="
		}
	}
}
